
Microsoft Visual Studio Solution File, Format Version 12.00
# Visual Studio Version 17
VisualStudioVersion = 17.0.31903.59
MinimumVisualStudioVersion = 10.0.40219.1
Project("{FAE04EC0-301F-11D3-BF4B-00C04F79EFBC}") = "Budget.EventSourcing", "Budget.EventSourcing\Budget.EventSourcing.csproj", "{741D808C-A43E-4798-926C-C251F4D347AE}"
EndProject
Project("{FAE04EC0-301F-11D3-BF4B-00C04F79EFBC}") = "Budget.EventSourcing.Tests", "Budget.EventSourcing.Tests\Budget.EventSourcing.Tests.csproj", "{E9E68E42-A073-47C0-8030-1328E18A4703}"
EndProject
Project("{FAE04EC0-301F-11D3-BF4B-00C04F79EFBC}") = "Budget.Spendings.Domain", "Budget.Spendings.Domain\Budget.Spendings.Domain.csproj", "{7344FB96-4EA7-4C71-8A6A-275718808E96}"
EndProject
Project("{FAE04EC0-301F-11D3-BF4B-00C04F79EFBC}") = "Budget.Spendings.Domain.Tests", "Budget.Spendings.Domain.Tests\Budget.Spendings.Domain.Tests.csproj", "{B7506E6B-A43F-4A39-B5FF-4AD3D996517C}"
EndProject
Global
	GlobalSection(SolutionConfigurationPlatforms) = preSolution
		Debug|Any CPU = Debug|Any CPU
		Release|Any CPU = Release|Any CPU
	EndGlobalSection
	GlobalSection(SolutionProperties) = preSolution
		HideSolutionNode = FALSE
	EndGlobalSection
	GlobalSection(ProjectConfigurationPlatforms) = postSolution
		{741D808C-A43E-4798-926C-C251F4D347AE}.Debug|Any CPU.ActiveCfg = Debug|Any CPU
		{741D808C-A43E-4798-926C-C251F4D347AE}.Debug|Any CPU.Build.0 = Debug|Any CPU
		{741D808C-A43E-4798-926C-C251F4D347AE}.Release|Any CPU.ActiveCfg = Release|Any CPU
		{741D808C-A43E-4798-926C-C251F4D347AE}.Release|Any CPU.Build.0 = Release|Any CPU
		{E9E68E42-A073-47C0-8030-1328E18A4703}.Debug|Any CPU.ActiveCfg = Debug|Any CPU
		{E9E68E42-A073-47C0-8030-1328E18A4703}.Debug|Any CPU.Build.0 = Debug|Any CPU
		{E9E68E42-A073-47C0-8030-1328E18A4703}.Release|Any CPU.ActiveCfg = Release|Any CPU
		{E9E68E42-A073-47C0-8030-1328E18A4703}.Release|Any CPU.Build.0 = Release|Any CPU
		{7344FB96-4EA7-4C71-8A6A-275718808E96}.Debug|Any CPU.ActiveCfg = Debug|Any CPU
		{7344FB96-4EA7-4C71-8A6A-275718808E96}.Debug|Any CPU.Build.0 = Debug|Any CPU
		{7344FB96-4EA7-4C71-8A6A-275718808E96}.Release|Any CPU.ActiveCfg = Release|Any CPU
		{7344FB96-4EA7-4C71-8A6A-275718808E96}.Release|Any CPU.Build.0 = Release|Any CPU
		{B7506E6B-A43F-4A39-B5FF-4AD3D996517C}.Debug|Any CPU.ActiveCfg = Debug|Any CPU
		{B7506E6B-A43F-4A39-B5FF-4AD3D996517C}.Debug|Any CPU.Build.0 = Debug|Any CPU
		{B7506E6B-A43F-4A39-B5FF-4AD3D996517C}.Release|Any CPU.ActiveCfg = Release|Any CPU
		{B7506E6B-A43F-4A39-B5FF-4AD3D996517C}.Release|Any CPU.Build.0 = Release|Any CPU
	EndGlobalSection
EndGlobal
