
Microsoft Visual Studio Solution File, Format Version 12.00
# Visual Studio 15
VisualStudioVersion = 15.0.26124.0
MinimumVisualStudioVersion = 15.0.26124.0
Project("{FAE04EC0-301F-11D3-BF4B-00C04F79EFBC}") = "Budget.Cqrs", "Budget.Cqrs\Budget.Cqrs.csproj", "{5110AAB6-BBE8-4674-995D-087903363A73}"
EndProject
Project("{FAE04EC0-301F-11D3-BF4B-00C04F79EFBC}") = "Budget.EventSourcing", "Budget.EventSourcing\Budget.EventSourcing.csproj", "{5186AEA6-5F2C-45FF-89A1-9750610DCC8E}"
EndProject
Project("{FAE04EC0-301F-11D3-BF4B-00C04F79EFBC}") = "Budget.EventSourcing.Tests", "Budget.EventSourcing.Tests\Budget.EventSourcing.Tests.csproj", "{E26ECCC2-9C00-4891-9742-CD87E96783E7}"
EndProject
Project("{FAE04EC0-301F-11D3-BF4B-00C04F79EFBC}") = "Budget.Users.Application", "Budget.Users.Application\Budget.Users.Application.csproj", "{A7FA4DDF-FB83-405A-A52C-13540332795F}"
EndProject
Project("{FAE04EC0-301F-11D3-BF4B-00C04F79EFBC}") = "Budget.Users.Application.Tests", "Budget.Users.Application.Tests\Budget.Users.Application.Tests.csproj", "{65B55817-792C-4C88-B9E8-1F72A818AF1E}"
EndProject
Project("{FAE04EC0-301F-11D3-BF4B-00C04F79EFBC}") = "Budget.Users.Domain", "Budget.Users.Domain\Budget.Users.Domain.csproj", "{EE8228ED-0824-44F5-9A6C-C80C66B7E242}"
EndProject
Project("{FAE04EC0-301F-11D3-BF4B-00C04F79EFBC}") = "Budget.Users.Domain.Tests", "Budget.Users.Domain.Tests\Budget.Users.Domain.Tests.csproj", "{EDE77AAB-4301-4DBC-959C-073DC7509ABC}"
EndProject
Project("{FAE04EC0-301F-11D3-BF4B-00C04F79EFBC}") = "Budget.Users.Cryptography", "Budget.Users.Cryptography\Budget.Users.Cryptography.csproj", "{4C416C80-F7A2-4595-892E-D9678855246D}"
EndProject
Project("{FAE04EC0-301F-11D3-BF4B-00C04F79EFBC}") = "Budget.Users.Cryptography.Tests", "Budget.Users.Cryptography.Tests\Budget.Users.Cryptography.Tests.csproj", "{1EE24B8B-2D41-44D3-B31C-12594786ABE8}"
EndProject
Project("{FAE04EC0-301F-11D3-BF4B-00C04F79EFBC}") = "Budget.Users.Api", "Budget.Users.Api\Budget.Users.Api.csproj", "{D536AD4E-651D-4A1B-BB7E-D673B3AEE8C8}"
EndProject
Project("{FAE04EC0-301F-11D3-BF4B-00C04F79EFBC}") = "Budget.Users.Api.Tests", "Budget.Users.Api.Tests\Budget.Users.Api.Tests.csproj", "{4B490E3B-A65A-49C2-9D94-7152BC87B918}"
EndProject
Project("{FAE04EC0-301F-11D3-BF4B-00C04F79EFBC}") = "Budget.Users.InMemoryAdapters", "Budget.Users.InMemoryAdapters\Budget.Users.InMemoryAdapters.csproj", "{F7BD5011-C6CF-499F-BF38-CF46302FA38C}"
EndProject
Project("{FAE04EC0-301F-11D3-BF4B-00C04F79EFBC}") = "Budget.Users.InMemoryAdapters.Tests", "Budget.Users.InMemoryAdapters.Tests\Budget.Users.InMemoryAdapters.Tests.csproj", "{B426471C-B2E4-4B1C-A601-5E6C5818BDB1}"
EndProject
Project("{FAE04EC0-301F-11D3-BF4B-00C04F79EFBC}") = "Budget.Users.KafkaAdapters", "Budget.Users.KafkaAdapters\Budget.Users.KafkaAdapters.csproj", "{ACA102B8-2238-4987-96E7-2471D8B6263F}"
EndProject
Project("{FAE04EC0-301F-11D3-BF4B-00C04F79EFBC}") = "Budget.Users.KafkaAdapters.Tests", "Budget.Users.KafkaAdapters.Tests\Budget.Users.KafkaAdapters.Tests.csproj", "{1DE6B5A1-1947-450A-996E-792AAE4EDC46}"
EndProject
Global
	GlobalSection(SolutionConfigurationPlatforms) = preSolution
		Debug|Any CPU = Debug|Any CPU
		Debug|x64 = Debug|x64
		Debug|x86 = Debug|x86
		Release|Any CPU = Release|Any CPU
		Release|x64 = Release|x64
		Release|x86 = Release|x86
	EndGlobalSection
	GlobalSection(SolutionProperties) = preSolution
		HideSolutionNode = FALSE
	EndGlobalSection
	GlobalSection(ProjectConfigurationPlatforms) = postSolution
		{5110AAB6-BBE8-4674-995D-087903363A73}.Debug|Any CPU.ActiveCfg = Debug|Any CPU
		{5110AAB6-BBE8-4674-995D-087903363A73}.Debug|Any CPU.Build.0 = Debug|Any CPU
		{5110AAB6-BBE8-4674-995D-087903363A73}.Debug|x64.ActiveCfg = Debug|Any CPU
		{5110AAB6-BBE8-4674-995D-087903363A73}.Debug|x64.Build.0 = Debug|Any CPU
		{5110AAB6-BBE8-4674-995D-087903363A73}.Debug|x86.ActiveCfg = Debug|Any CPU
		{5110AAB6-BBE8-4674-995D-087903363A73}.Debug|x86.Build.0 = Debug|Any CPU
		{5110AAB6-BBE8-4674-995D-087903363A73}.Release|Any CPU.ActiveCfg = Release|Any CPU
		{5110AAB6-BBE8-4674-995D-087903363A73}.Release|Any CPU.Build.0 = Release|Any CPU
		{5110AAB6-BBE8-4674-995D-087903363A73}.Release|x64.ActiveCfg = Release|Any CPU
		{5110AAB6-BBE8-4674-995D-087903363A73}.Release|x64.Build.0 = Release|Any CPU
		{5110AAB6-BBE8-4674-995D-087903363A73}.Release|x86.ActiveCfg = Release|Any CPU
		{5110AAB6-BBE8-4674-995D-087903363A73}.Release|x86.Build.0 = Release|Any CPU
		{5186AEA6-5F2C-45FF-89A1-9750610DCC8E}.Debug|Any CPU.ActiveCfg = Debug|Any CPU
		{5186AEA6-5F2C-45FF-89A1-9750610DCC8E}.Debug|Any CPU.Build.0 = Debug|Any CPU
		{5186AEA6-5F2C-45FF-89A1-9750610DCC8E}.Debug|x64.ActiveCfg = Debug|Any CPU
		{5186AEA6-5F2C-45FF-89A1-9750610DCC8E}.Debug|x64.Build.0 = Debug|Any CPU
		{5186AEA6-5F2C-45FF-89A1-9750610DCC8E}.Debug|x86.ActiveCfg = Debug|Any CPU
		{5186AEA6-5F2C-45FF-89A1-9750610DCC8E}.Debug|x86.Build.0 = Debug|Any CPU
		{5186AEA6-5F2C-45FF-89A1-9750610DCC8E}.Release|Any CPU.ActiveCfg = Release|Any CPU
		{5186AEA6-5F2C-45FF-89A1-9750610DCC8E}.Release|Any CPU.Build.0 = Release|Any CPU
		{5186AEA6-5F2C-45FF-89A1-9750610DCC8E}.Release|x64.ActiveCfg = Release|Any CPU
		{5186AEA6-5F2C-45FF-89A1-9750610DCC8E}.Release|x64.Build.0 = Release|Any CPU
		{5186AEA6-5F2C-45FF-89A1-9750610DCC8E}.Release|x86.ActiveCfg = Release|Any CPU
		{5186AEA6-5F2C-45FF-89A1-9750610DCC8E}.Release|x86.Build.0 = Release|Any CPU
		{E26ECCC2-9C00-4891-9742-CD87E96783E7}.Debug|Any CPU.ActiveCfg = Debug|Any CPU
		{E26ECCC2-9C00-4891-9742-CD87E96783E7}.Debug|Any CPU.Build.0 = Debug|Any CPU
		{E26ECCC2-9C00-4891-9742-CD87E96783E7}.Debug|x64.ActiveCfg = Debug|Any CPU
		{E26ECCC2-9C00-4891-9742-CD87E96783E7}.Debug|x64.Build.0 = Debug|Any CPU
		{E26ECCC2-9C00-4891-9742-CD87E96783E7}.Debug|x86.ActiveCfg = Debug|Any CPU
		{E26ECCC2-9C00-4891-9742-CD87E96783E7}.Debug|x86.Build.0 = Debug|Any CPU
		{E26ECCC2-9C00-4891-9742-CD87E96783E7}.Release|Any CPU.ActiveCfg = Release|Any CPU
		{E26ECCC2-9C00-4891-9742-CD87E96783E7}.Release|Any CPU.Build.0 = Release|Any CPU
		{E26ECCC2-9C00-4891-9742-CD87E96783E7}.Release|x64.ActiveCfg = Release|Any CPU
		{E26ECCC2-9C00-4891-9742-CD87E96783E7}.Release|x64.Build.0 = Release|Any CPU
		{E26ECCC2-9C00-4891-9742-CD87E96783E7}.Release|x86.ActiveCfg = Release|Any CPU
		{E26ECCC2-9C00-4891-9742-CD87E96783E7}.Release|x86.Build.0 = Release|Any CPU
		{A7FA4DDF-FB83-405A-A52C-13540332795F}.Debug|Any CPU.ActiveCfg = Debug|Any CPU
		{A7FA4DDF-FB83-405A-A52C-13540332795F}.Debug|Any CPU.Build.0 = Debug|Any CPU
		{A7FA4DDF-FB83-405A-A52C-13540332795F}.Debug|x64.ActiveCfg = Debug|Any CPU
		{A7FA4DDF-FB83-405A-A52C-13540332795F}.Debug|x64.Build.0 = Debug|Any CPU
		{A7FA4DDF-FB83-405A-A52C-13540332795F}.Debug|x86.ActiveCfg = Debug|Any CPU
		{A7FA4DDF-FB83-405A-A52C-13540332795F}.Debug|x86.Build.0 = Debug|Any CPU
		{A7FA4DDF-FB83-405A-A52C-13540332795F}.Release|Any CPU.ActiveCfg = Release|Any CPU
		{A7FA4DDF-FB83-405A-A52C-13540332795F}.Release|Any CPU.Build.0 = Release|Any CPU
		{A7FA4DDF-FB83-405A-A52C-13540332795F}.Release|x64.ActiveCfg = Release|Any CPU
		{A7FA4DDF-FB83-405A-A52C-13540332795F}.Release|x64.Build.0 = Release|Any CPU
		{A7FA4DDF-FB83-405A-A52C-13540332795F}.Release|x86.ActiveCfg = Release|Any CPU
		{A7FA4DDF-FB83-405A-A52C-13540332795F}.Release|x86.Build.0 = Release|Any CPU
		{65B55817-792C-4C88-B9E8-1F72A818AF1E}.Debug|Any CPU.ActiveCfg = Debug|Any CPU
		{65B55817-792C-4C88-B9E8-1F72A818AF1E}.Debug|Any CPU.Build.0 = Debug|Any CPU
		{65B55817-792C-4C88-B9E8-1F72A818AF1E}.Debug|x64.ActiveCfg = Debug|Any CPU
		{65B55817-792C-4C88-B9E8-1F72A818AF1E}.Debug|x64.Build.0 = Debug|Any CPU
		{65B55817-792C-4C88-B9E8-1F72A818AF1E}.Debug|x86.ActiveCfg = Debug|Any CPU
		{65B55817-792C-4C88-B9E8-1F72A818AF1E}.Debug|x86.Build.0 = Debug|Any CPU
		{65B55817-792C-4C88-B9E8-1F72A818AF1E}.Release|Any CPU.ActiveCfg = Release|Any CPU
		{65B55817-792C-4C88-B9E8-1F72A818AF1E}.Release|Any CPU.Build.0 = Release|Any CPU
		{65B55817-792C-4C88-B9E8-1F72A818AF1E}.Release|x64.ActiveCfg = Release|Any CPU
		{65B55817-792C-4C88-B9E8-1F72A818AF1E}.Release|x64.Build.0 = Release|Any CPU
		{65B55817-792C-4C88-B9E8-1F72A818AF1E}.Release|x86.ActiveCfg = Release|Any CPU
		{65B55817-792C-4C88-B9E8-1F72A818AF1E}.Release|x86.Build.0 = Release|Any CPU
		{EE8228ED-0824-44F5-9A6C-C80C66B7E242}.Debug|Any CPU.ActiveCfg = Debug|Any CPU
		{EE8228ED-0824-44F5-9A6C-C80C66B7E242}.Debug|Any CPU.Build.0 = Debug|Any CPU
		{EE8228ED-0824-44F5-9A6C-C80C66B7E242}.Debug|x64.ActiveCfg = Debug|Any CPU
		{EE8228ED-0824-44F5-9A6C-C80C66B7E242}.Debug|x64.Build.0 = Debug|Any CPU
		{EE8228ED-0824-44F5-9A6C-C80C66B7E242}.Debug|x86.ActiveCfg = Debug|Any CPU
		{EE8228ED-0824-44F5-9A6C-C80C66B7E242}.Debug|x86.Build.0 = Debug|Any CPU
		{EE8228ED-0824-44F5-9A6C-C80C66B7E242}.Release|Any CPU.ActiveCfg = Release|Any CPU
		{EE8228ED-0824-44F5-9A6C-C80C66B7E242}.Release|Any CPU.Build.0 = Release|Any CPU
		{EE8228ED-0824-44F5-9A6C-C80C66B7E242}.Release|x64.ActiveCfg = Release|Any CPU
		{EE8228ED-0824-44F5-9A6C-C80C66B7E242}.Release|x64.Build.0 = Release|Any CPU
		{EE8228ED-0824-44F5-9A6C-C80C66B7E242}.Release|x86.ActiveCfg = Release|Any CPU
		{EE8228ED-0824-44F5-9A6C-C80C66B7E242}.Release|x86.Build.0 = Release|Any CPU
		{EDE77AAB-4301-4DBC-959C-073DC7509ABC}.Debug|Any CPU.ActiveCfg = Debug|Any CPU
		{EDE77AAB-4301-4DBC-959C-073DC7509ABC}.Debug|Any CPU.Build.0 = Debug|Any CPU
		{EDE77AAB-4301-4DBC-959C-073DC7509ABC}.Debug|x64.ActiveCfg = Debug|Any CPU
		{EDE77AAB-4301-4DBC-959C-073DC7509ABC}.Debug|x64.Build.0 = Debug|Any CPU
		{EDE77AAB-4301-4DBC-959C-073DC7509ABC}.Debug|x86.ActiveCfg = Debug|Any CPU
		{EDE77AAB-4301-4DBC-959C-073DC7509ABC}.Debug|x86.Build.0 = Debug|Any CPU
		{EDE77AAB-4301-4DBC-959C-073DC7509ABC}.Release|Any CPU.ActiveCfg = Release|Any CPU
		{EDE77AAB-4301-4DBC-959C-073DC7509ABC}.Release|Any CPU.Build.0 = Release|Any CPU
		{EDE77AAB-4301-4DBC-959C-073DC7509ABC}.Release|x64.ActiveCfg = Release|Any CPU
		{EDE77AAB-4301-4DBC-959C-073DC7509ABC}.Release|x64.Build.0 = Release|Any CPU
		{EDE77AAB-4301-4DBC-959C-073DC7509ABC}.Release|x86.ActiveCfg = Release|Any CPU
		{EDE77AAB-4301-4DBC-959C-073DC7509ABC}.Release|x86.Build.0 = Release|Any CPU
		{83FCF997-2AC7-4838-8720-352E8384818B}.Debug|Any CPU.ActiveCfg = Debug|Any CPU
		{83FCF997-2AC7-4838-8720-352E8384818B}.Debug|Any CPU.Build.0 = Debug|Any CPU
		{83FCF997-2AC7-4838-8720-352E8384818B}.Debug|x64.ActiveCfg = Debug|Any CPU
		{83FCF997-2AC7-4838-8720-352E8384818B}.Debug|x64.Build.0 = Debug|Any CPU
		{83FCF997-2AC7-4838-8720-352E8384818B}.Debug|x86.ActiveCfg = Debug|Any CPU
		{83FCF997-2AC7-4838-8720-352E8384818B}.Debug|x86.Build.0 = Debug|Any CPU
		{83FCF997-2AC7-4838-8720-352E8384818B}.Release|Any CPU.ActiveCfg = Release|Any CPU
		{83FCF997-2AC7-4838-8720-352E8384818B}.Release|Any CPU.Build.0 = Release|Any CPU
		{83FCF997-2AC7-4838-8720-352E8384818B}.Release|x64.ActiveCfg = Release|Any CPU
		{83FCF997-2AC7-4838-8720-352E8384818B}.Release|x64.Build.0 = Release|Any CPU
		{83FCF997-2AC7-4838-8720-352E8384818B}.Release|x86.ActiveCfg = Release|Any CPU
		{83FCF997-2AC7-4838-8720-352E8384818B}.Release|x86.Build.0 = Release|Any CPU
		{654F64EB-6241-4C65-9323-B97038B05ABA}.Debug|Any CPU.ActiveCfg = Debug|Any CPU
		{654F64EB-6241-4C65-9323-B97038B05ABA}.Debug|Any CPU.Build.0 = Debug|Any CPU
		{654F64EB-6241-4C65-9323-B97038B05ABA}.Debug|x64.ActiveCfg = Debug|Any CPU
		{654F64EB-6241-4C65-9323-B97038B05ABA}.Debug|x64.Build.0 = Debug|Any CPU
		{654F64EB-6241-4C65-9323-B97038B05ABA}.Debug|x86.ActiveCfg = Debug|Any CPU
		{654F64EB-6241-4C65-9323-B97038B05ABA}.Debug|x86.Build.0 = Debug|Any CPU
		{654F64EB-6241-4C65-9323-B97038B05ABA}.Release|Any CPU.ActiveCfg = Release|Any CPU
		{654F64EB-6241-4C65-9323-B97038B05ABA}.Release|Any CPU.Build.0 = Release|Any CPU
		{654F64EB-6241-4C65-9323-B97038B05ABA}.Release|x64.ActiveCfg = Release|Any CPU
		{654F64EB-6241-4C65-9323-B97038B05ABA}.Release|x64.Build.0 = Release|Any CPU
		{654F64EB-6241-4C65-9323-B97038B05ABA}.Release|x86.ActiveCfg = Release|Any CPU
		{654F64EB-6241-4C65-9323-B97038B05ABA}.Release|x86.Build.0 = Release|Any CPU
		{4C416C80-F7A2-4595-892E-D9678855246D}.Debug|Any CPU.ActiveCfg = Debug|Any CPU
		{4C416C80-F7A2-4595-892E-D9678855246D}.Debug|Any CPU.Build.0 = Debug|Any CPU
		{4C416C80-F7A2-4595-892E-D9678855246D}.Debug|x64.ActiveCfg = Debug|Any CPU
		{4C416C80-F7A2-4595-892E-D9678855246D}.Debug|x64.Build.0 = Debug|Any CPU
		{4C416C80-F7A2-4595-892E-D9678855246D}.Debug|x86.ActiveCfg = Debug|Any CPU
		{4C416C80-F7A2-4595-892E-D9678855246D}.Debug|x86.Build.0 = Debug|Any CPU
		{4C416C80-F7A2-4595-892E-D9678855246D}.Release|Any CPU.ActiveCfg = Release|Any CPU
		{4C416C80-F7A2-4595-892E-D9678855246D}.Release|Any CPU.Build.0 = Release|Any CPU
		{4C416C80-F7A2-4595-892E-D9678855246D}.Release|x64.ActiveCfg = Release|Any CPU
		{4C416C80-F7A2-4595-892E-D9678855246D}.Release|x64.Build.0 = Release|Any CPU
		{4C416C80-F7A2-4595-892E-D9678855246D}.Release|x86.ActiveCfg = Release|Any CPU
		{4C416C80-F7A2-4595-892E-D9678855246D}.Release|x86.Build.0 = Release|Any CPU
		{1EE24B8B-2D41-44D3-B31C-12594786ABE8}.Debug|Any CPU.ActiveCfg = Debug|Any CPU
		{1EE24B8B-2D41-44D3-B31C-12594786ABE8}.Debug|Any CPU.Build.0 = Debug|Any CPU
		{1EE24B8B-2D41-44D3-B31C-12594786ABE8}.Debug|x64.ActiveCfg = Debug|Any CPU
		{1EE24B8B-2D41-44D3-B31C-12594786ABE8}.Debug|x64.Build.0 = Debug|Any CPU
		{1EE24B8B-2D41-44D3-B31C-12594786ABE8}.Debug|x86.ActiveCfg = Debug|Any CPU
		{1EE24B8B-2D41-44D3-B31C-12594786ABE8}.Debug|x86.Build.0 = Debug|Any CPU
		{1EE24B8B-2D41-44D3-B31C-12594786ABE8}.Release|Any CPU.ActiveCfg = Release|Any CPU
		{1EE24B8B-2D41-44D3-B31C-12594786ABE8}.Release|Any CPU.Build.0 = Release|Any CPU
		{1EE24B8B-2D41-44D3-B31C-12594786ABE8}.Release|x64.ActiveCfg = Release|Any CPU
		{1EE24B8B-2D41-44D3-B31C-12594786ABE8}.Release|x64.Build.0 = Release|Any CPU
		{1EE24B8B-2D41-44D3-B31C-12594786ABE8}.Release|x86.ActiveCfg = Release|Any CPU
		{1EE24B8B-2D41-44D3-B31C-12594786ABE8}.Release|x86.Build.0 = Release|Any CPU
		{D536AD4E-651D-4A1B-BB7E-D673B3AEE8C8}.Debug|Any CPU.ActiveCfg = Debug|Any CPU
		{D536AD4E-651D-4A1B-BB7E-D673B3AEE8C8}.Debug|Any CPU.Build.0 = Debug|Any CPU
		{D536AD4E-651D-4A1B-BB7E-D673B3AEE8C8}.Debug|x64.ActiveCfg = Debug|Any CPU
		{D536AD4E-651D-4A1B-BB7E-D673B3AEE8C8}.Debug|x64.Build.0 = Debug|Any CPU
		{D536AD4E-651D-4A1B-BB7E-D673B3AEE8C8}.Debug|x86.ActiveCfg = Debug|Any CPU
		{D536AD4E-651D-4A1B-BB7E-D673B3AEE8C8}.Debug|x86.Build.0 = Debug|Any CPU
		{D536AD4E-651D-4A1B-BB7E-D673B3AEE8C8}.Release|Any CPU.ActiveCfg = Release|Any CPU
		{D536AD4E-651D-4A1B-BB7E-D673B3AEE8C8}.Release|Any CPU.Build.0 = Release|Any CPU
		{D536AD4E-651D-4A1B-BB7E-D673B3AEE8C8}.Release|x64.ActiveCfg = Release|Any CPU
		{D536AD4E-651D-4A1B-BB7E-D673B3AEE8C8}.Release|x64.Build.0 = Release|Any CPU
		{D536AD4E-651D-4A1B-BB7E-D673B3AEE8C8}.Release|x86.ActiveCfg = Release|Any CPU
		{D536AD4E-651D-4A1B-BB7E-D673B3AEE8C8}.Release|x86.Build.0 = Release|Any CPU
		{4B490E3B-A65A-49C2-9D94-7152BC87B918}.Debug|Any CPU.ActiveCfg = Debug|Any CPU
		{4B490E3B-A65A-49C2-9D94-7152BC87B918}.Debug|Any CPU.Build.0 = Debug|Any CPU
		{4B490E3B-A65A-49C2-9D94-7152BC87B918}.Debug|x64.ActiveCfg = Debug|Any CPU
		{4B490E3B-A65A-49C2-9D94-7152BC87B918}.Debug|x64.Build.0 = Debug|Any CPU
		{4B490E3B-A65A-49C2-9D94-7152BC87B918}.Debug|x86.ActiveCfg = Debug|Any CPU
		{4B490E3B-A65A-49C2-9D94-7152BC87B918}.Debug|x86.Build.0 = Debug|Any CPU
		{4B490E3B-A65A-49C2-9D94-7152BC87B918}.Release|Any CPU.ActiveCfg = Release|Any CPU
		{4B490E3B-A65A-49C2-9D94-7152BC87B918}.Release|Any CPU.Build.0 = Release|Any CPU
		{4B490E3B-A65A-49C2-9D94-7152BC87B918}.Release|x64.ActiveCfg = Release|Any CPU
		{4B490E3B-A65A-49C2-9D94-7152BC87B918}.Release|x64.Build.0 = Release|Any CPU
		{4B490E3B-A65A-49C2-9D94-7152BC87B918}.Release|x86.ActiveCfg = Release|Any CPU
		{4B490E3B-A65A-49C2-9D94-7152BC87B918}.Release|x86.Build.0 = Release|Any CPU
		{F7BD5011-C6CF-499F-BF38-CF46302FA38C}.Debug|Any CPU.ActiveCfg = Debug|Any CPU
		{F7BD5011-C6CF-499F-BF38-CF46302FA38C}.Debug|Any CPU.Build.0 = Debug|Any CPU
		{F7BD5011-C6CF-499F-BF38-CF46302FA38C}.Debug|x64.ActiveCfg = Debug|Any CPU
		{F7BD5011-C6CF-499F-BF38-CF46302FA38C}.Debug|x64.Build.0 = Debug|Any CPU
		{F7BD5011-C6CF-499F-BF38-CF46302FA38C}.Debug|x86.ActiveCfg = Debug|Any CPU
		{F7BD5011-C6CF-499F-BF38-CF46302FA38C}.Debug|x86.Build.0 = Debug|Any CPU
		{F7BD5011-C6CF-499F-BF38-CF46302FA38C}.Release|Any CPU.ActiveCfg = Release|Any CPU
		{F7BD5011-C6CF-499F-BF38-CF46302FA38C}.Release|Any CPU.Build.0 = Release|Any CPU
		{F7BD5011-C6CF-499F-BF38-CF46302FA38C}.Release|x64.ActiveCfg = Release|Any CPU
		{F7BD5011-C6CF-499F-BF38-CF46302FA38C}.Release|x64.Build.0 = Release|Any CPU
		{F7BD5011-C6CF-499F-BF38-CF46302FA38C}.Release|x86.ActiveCfg = Release|Any CPU
		{F7BD5011-C6CF-499F-BF38-CF46302FA38C}.Release|x86.Build.0 = Release|Any CPU
		{B426471C-B2E4-4B1C-A601-5E6C5818BDB1}.Debug|Any CPU.ActiveCfg = Debug|Any CPU
		{B426471C-B2E4-4B1C-A601-5E6C5818BDB1}.Debug|Any CPU.Build.0 = Debug|Any CPU
		{B426471C-B2E4-4B1C-A601-5E6C5818BDB1}.Debug|x64.ActiveCfg = Debug|Any CPU
		{B426471C-B2E4-4B1C-A601-5E6C5818BDB1}.Debug|x64.Build.0 = Debug|Any CPU
		{B426471C-B2E4-4B1C-A601-5E6C5818BDB1}.Debug|x86.ActiveCfg = Debug|Any CPU
		{B426471C-B2E4-4B1C-A601-5E6C5818BDB1}.Debug|x86.Build.0 = Debug|Any CPU
		{B426471C-B2E4-4B1C-A601-5E6C5818BDB1}.Release|Any CPU.ActiveCfg = Release|Any CPU
		{B426471C-B2E4-4B1C-A601-5E6C5818BDB1}.Release|Any CPU.Build.0 = Release|Any CPU
		{B426471C-B2E4-4B1C-A601-5E6C5818BDB1}.Release|x64.ActiveCfg = Release|Any CPU
		{B426471C-B2E4-4B1C-A601-5E6C5818BDB1}.Release|x64.Build.0 = Release|Any CPU
		{B426471C-B2E4-4B1C-A601-5E6C5818BDB1}.Release|x86.ActiveCfg = Release|Any CPU
		{B426471C-B2E4-4B1C-A601-5E6C5818BDB1}.Release|x86.Build.0 = Release|Any CPU
		{ACA102B8-2238-4987-96E7-2471D8B6263F}.Debug|Any CPU.ActiveCfg = Debug|Any CPU
		{ACA102B8-2238-4987-96E7-2471D8B6263F}.Debug|Any CPU.Build.0 = Debug|Any CPU
		{ACA102B8-2238-4987-96E7-2471D8B6263F}.Debug|x64.ActiveCfg = Debug|Any CPU
		{ACA102B8-2238-4987-96E7-2471D8B6263F}.Debug|x64.Build.0 = Debug|Any CPU
		{ACA102B8-2238-4987-96E7-2471D8B6263F}.Debug|x86.ActiveCfg = Debug|Any CPU
		{ACA102B8-2238-4987-96E7-2471D8B6263F}.Debug|x86.Build.0 = Debug|Any CPU
		{ACA102B8-2238-4987-96E7-2471D8B6263F}.Release|Any CPU.ActiveCfg = Release|Any CPU
		{ACA102B8-2238-4987-96E7-2471D8B6263F}.Release|Any CPU.Build.0 = Release|Any CPU
		{ACA102B8-2238-4987-96E7-2471D8B6263F}.Release|x64.ActiveCfg = Release|Any CPU
		{ACA102B8-2238-4987-96E7-2471D8B6263F}.Release|x64.Build.0 = Release|Any CPU
		{ACA102B8-2238-4987-96E7-2471D8B6263F}.Release|x86.ActiveCfg = Release|Any CPU
		{ACA102B8-2238-4987-96E7-2471D8B6263F}.Release|x86.Build.0 = Release|Any CPU
		{1DE6B5A1-1947-450A-996E-792AAE4EDC46}.Debug|Any CPU.ActiveCfg = Debug|Any CPU
		{1DE6B5A1-1947-450A-996E-792AAE4EDC46}.Debug|Any CPU.Build.0 = Debug|Any CPU
		{1DE6B5A1-1947-450A-996E-792AAE4EDC46}.Debug|x64.ActiveCfg = Debug|Any CPU
		{1DE6B5A1-1947-450A-996E-792AAE4EDC46}.Debug|x64.Build.0 = Debug|Any CPU
		{1DE6B5A1-1947-450A-996E-792AAE4EDC46}.Debug|x86.ActiveCfg = Debug|Any CPU
		{1DE6B5A1-1947-450A-996E-792AAE4EDC46}.Debug|x86.Build.0 = Debug|Any CPU
		{1DE6B5A1-1947-450A-996E-792AAE4EDC46}.Release|Any CPU.ActiveCfg = Release|Any CPU
		{1DE6B5A1-1947-450A-996E-792AAE4EDC46}.Release|Any CPU.Build.0 = Release|Any CPU
		{1DE6B5A1-1947-450A-996E-792AAE4EDC46}.Release|x64.ActiveCfg = Release|Any CPU
		{1DE6B5A1-1947-450A-996E-792AAE4EDC46}.Release|x64.Build.0 = Release|Any CPU
		{1DE6B5A1-1947-450A-996E-792AAE4EDC46}.Release|x86.ActiveCfg = Release|Any CPU
		{1DE6B5A1-1947-450A-996E-792AAE4EDC46}.Release|x86.Build.0 = Release|Any CPU
	EndGlobalSection
EndGlobal
