
Microsoft Visual Studio Solution File, Format Version 12.00
# Visual Studio Version 17
VisualStudioVersion = 17.0.31903.59
MinimumVisualStudioVersion = 10.0.40219.1
Project("{FAE04EC0-301F-11D3-BF4B-00C04F79EFBC}") = "Budget.EventSourcing", "Shared\Budget.EventSourcing\Budget.EventSourcing.csproj", "{2F81C1AD-EE7F-4708-9DEC-9B3E8CCD8D90}"
EndProject
Project("{FAE04EC0-301F-11D3-BF4B-00C04F79EFBC}") = "Budget.EventSourcing.Tests", "Shared\Budget.EventSourcing.Tests\Budget.EventSourcing.Tests.csproj", "{39BEF1F0-1EE3-46DD-B0DF-61F34C31DFF1}"
EndProject
Project("{FAE04EC0-301F-11D3-BF4B-00C04F79EFBC}") = "Budget.Spendings.Domain", "Spendings\Budget.Spendings.Domain\Budget.Spendings.Domain.csproj", "{986E1C60-A927-4835-8883-52119B3CC613}"
EndProject
Project("{FAE04EC0-301F-11D3-BF4B-00C04F79EFBC}") = "Budget.Spendings.Domain.Tests", "Spendings\Budget.Spendings.Domain.Tests\Budget.Spendings.Domain.Tests.csproj", "{AD535951-0BB8-4D12-B615-BF5981FF5065}"
EndProject
Project("{2150E333-8FDC-42A3-9474-1A3956D46DE8}") = "Spendings", "Spendings", "{4C805453-BFF5-4F05-97F4-7A520D92E728}"
EndProject
Project("{FAE04EC0-301F-11D3-BF4B-00C04F79EFBC}") = "Budget.Spendings.Application", "Spendings\Budget.Spendings.Application\Budget.Spendings.Application.csproj", "{B603F6DD-44AD-4DC5-938D-4896E298D7E1}"
EndProject
Project("{FAE04EC0-301F-11D3-BF4B-00C04F79EFBC}") = "Budget.Spendings.Application.Tests", "Spendings\Budget.Spendings.Application.Tests\Budget.Spendings.Application.Tests.csproj", "{6F8CC546-ECFD-461B-8F38-74691A8E20FF}"
EndProject
Project("{FAE04EC0-301F-11D3-BF4B-00C04F79EFBC}") = "Budget.Spendings.Infrastructure.EF", "Spendings\Budget.Spendings.Infrastructure.EF\Budget.Spendings.Infrastructure.EF.csproj", "{1DC63976-77B9-46D4-811D-0151D4FD3B9D}"
EndProject
Project("{FAE04EC0-301F-11D3-BF4B-00C04F79EFBC}") = "Budget.Spendings.Infrastructure.EF.Tests", "Spendings\Budget.Spendings.Infrastructure.EF.Tests\Budget.Spendings.Infrastructure.EF.Tests.csproj", "{CA010477-5E8B-4AB0-896B-4366C5C49F0B}"
EndProject
Project("{FAE04EC0-301F-11D3-BF4B-00C04F79EFBC}") = "Budget.Spendings.Api", "Spendings\Budget.Spendings.Api\Budget.Spendings.Api.csproj", "{BEEC1205-6884-4380-BACF-859175A70645}"
EndProject
Project("{FAE04EC0-301F-11D3-BF4B-00C04F79EFBC}") = "Budget.Spendings.Api.Tests", "Spendings\Budget.Spendings.Api.Tests\Budget.Spendings.Api.Tests.csproj", "{A5702A37-D559-47AD-8883-8A1BC4203502}"
EndProject
Global
	GlobalSection(SolutionConfigurationPlatforms) = preSolution
		Debug|Any CPU = Debug|Any CPU
		Release|Any CPU = Release|Any CPU
	EndGlobalSection
	GlobalSection(SolutionProperties) = preSolution
		HideSolutionNode = FALSE
	EndGlobalSection
	GlobalSection(ProjectConfigurationPlatforms) = postSolution
		{2F81C1AD-EE7F-4708-9DEC-9B3E8CCD8D90}.Debug|Any CPU.ActiveCfg = Debug|Any CPU
		{2F81C1AD-EE7F-4708-9DEC-9B3E8CCD8D90}.Debug|Any CPU.Build.0 = Debug|Any CPU
		{2F81C1AD-EE7F-4708-9DEC-9B3E8CCD8D90}.Release|Any CPU.ActiveCfg = Release|Any CPU
		{2F81C1AD-EE7F-4708-9DEC-9B3E8CCD8D90}.Release|Any CPU.Build.0 = Release|Any CPU
		{39BEF1F0-1EE3-46DD-B0DF-61F34C31DFF1}.Debug|Any CPU.ActiveCfg = Debug|Any CPU
		{39BEF1F0-1EE3-46DD-B0DF-61F34C31DFF1}.Debug|Any CPU.Build.0 = Debug|Any CPU
		{39BEF1F0-1EE3-46DD-B0DF-61F34C31DFF1}.Release|Any CPU.ActiveCfg = Release|Any CPU
		{39BEF1F0-1EE3-46DD-B0DF-61F34C31DFF1}.Release|Any CPU.Build.0 = Release|Any CPU
		{986E1C60-A927-4835-8883-52119B3CC613}.Debug|Any CPU.ActiveCfg = Debug|Any CPU
		{986E1C60-A927-4835-8883-52119B3CC613}.Debug|Any CPU.Build.0 = Debug|Any CPU
		{986E1C60-A927-4835-8883-52119B3CC613}.Release|Any CPU.ActiveCfg = Release|Any CPU
		{986E1C60-A927-4835-8883-52119B3CC613}.Release|Any CPU.Build.0 = Release|Any CPU
		{AD535951-0BB8-4D12-B615-BF5981FF5065}.Debug|Any CPU.ActiveCfg = Debug|Any CPU
		{AD535951-0BB8-4D12-B615-BF5981FF5065}.Debug|Any CPU.Build.0 = Debug|Any CPU
		{AD535951-0BB8-4D12-B615-BF5981FF5065}.Release|Any CPU.ActiveCfg = Release|Any CPU
		{AD535951-0BB8-4D12-B615-BF5981FF5065}.Release|Any CPU.Build.0 = Release|Any CPU
		{B603F6DD-44AD-4DC5-938D-4896E298D7E1}.Debug|Any CPU.ActiveCfg = Debug|Any CPU
		{B603F6DD-44AD-4DC5-938D-4896E298D7E1}.Debug|Any CPU.Build.0 = Debug|Any CPU
		{B603F6DD-44AD-4DC5-938D-4896E298D7E1}.Release|Any CPU.ActiveCfg = Release|Any CPU
		{B603F6DD-44AD-4DC5-938D-4896E298D7E1}.Release|Any CPU.Build.0 = Release|Any CPU
		{6F8CC546-ECFD-461B-8F38-74691A8E20FF}.Debug|Any CPU.ActiveCfg = Debug|Any CPU
		{6F8CC546-ECFD-461B-8F38-74691A8E20FF}.Debug|Any CPU.Build.0 = Debug|Any CPU
		{6F8CC546-ECFD-461B-8F38-74691A8E20FF}.Release|Any CPU.ActiveCfg = Release|Any CPU
		{6F8CC546-ECFD-461B-8F38-74691A8E20FF}.Release|Any CPU.Build.0 = Release|Any CPU
		{1DC63976-77B9-46D4-811D-0151D4FD3B9D}.Debug|Any CPU.ActiveCfg = Debug|Any CPU
		{1DC63976-77B9-46D4-811D-0151D4FD3B9D}.Debug|Any CPU.Build.0 = Debug|Any CPU
		{1DC63976-77B9-46D4-811D-0151D4FD3B9D}.Release|Any CPU.ActiveCfg = Release|Any CPU
		{1DC63976-77B9-46D4-811D-0151D4FD3B9D}.Release|Any CPU.Build.0 = Release|Any CPU
		{CA010477-5E8B-4AB0-896B-4366C5C49F0B}.Debug|Any CPU.ActiveCfg = Debug|Any CPU
		{CA010477-5E8B-4AB0-896B-4366C5C49F0B}.Debug|Any CPU.Build.0 = Debug|Any CPU
		{CA010477-5E8B-4AB0-896B-4366C5C49F0B}.Release|Any CPU.ActiveCfg = Release|Any CPU
		{CA010477-5E8B-4AB0-896B-4366C5C49F0B}.Release|Any CPU.Build.0 = Release|Any CPU
		{BEEC1205-6884-4380-BACF-859175A70645}.Debug|Any CPU.ActiveCfg = Debug|Any CPU
		{BEEC1205-6884-4380-BACF-859175A70645}.Debug|Any CPU.Build.0 = Debug|Any CPU
		{BEEC1205-6884-4380-BACF-859175A70645}.Release|Any CPU.ActiveCfg = Release|Any CPU
		{BEEC1205-6884-4380-BACF-859175A70645}.Release|Any CPU.Build.0 = Release|Any CPU
		{A5702A37-D559-47AD-8883-8A1BC4203502}.Debug|Any CPU.ActiveCfg = Debug|Any CPU
		{A5702A37-D559-47AD-8883-8A1BC4203502}.Debug|Any CPU.Build.0 = Debug|Any CPU
		{A5702A37-D559-47AD-8883-8A1BC4203502}.Release|Any CPU.ActiveCfg = Release|Any CPU
		{A5702A37-D559-47AD-8883-8A1BC4203502}.Release|Any CPU.Build.0 = Release|Any CPU
	EndGlobalSection
	GlobalSection(NestedProjects) = preSolution
		{B603F6DD-44AD-4DC5-938D-4896E298D7E1} = {4C805453-BFF5-4F05-97F4-7A520D92E728}
		{6F8CC546-ECFD-461B-8F38-74691A8E20FF} = {4C805453-BFF5-4F05-97F4-7A520D92E728}
		{1DC63976-77B9-46D4-811D-0151D4FD3B9D} = {4C805453-BFF5-4F05-97F4-7A520D92E728}
		{CA010477-5E8B-4AB0-896B-4366C5C49F0B} = {4C805453-BFF5-4F05-97F4-7A520D92E728}
		{BEEC1205-6884-4380-BACF-859175A70645} = {4C805453-BFF5-4F05-97F4-7A520D92E728}
		{A5702A37-D559-47AD-8883-8A1BC4203502} = {4C805453-BFF5-4F05-97F4-7A520D92E728}
	EndGlobalSection
EndGlobal
